PODS:
  - CocoaLumberjack (2.0.1):
    - CocoaLumberjack/Default (= 2.0.1)
    - CocoaLumberjack/Extensions (= 2.0.1)
  - CocoaLumberjack/Core (2.0.1)
  - CocoaLumberjack/Default (2.0.1):
    - CocoaLumberjack/Core
  - CocoaLumberjack/Extensions (2.0.1):
    - CocoaLumberjack/Default
  - NBULog (1.2.4):
    - CocoaLumberjack (>= 2.0.0)
  - NNFrameTimer (2.0.11)

DEPENDENCIES:
  - NBULog
  - NNFrameTimer (from `../`)

EXTERNAL SOURCES:
  NNFrameTimer:
    :path: ../

SPEC CHECKSUMS:
  CocoaLumberjack: 019d1361244274a6138c788c6cb80baabc13fb8f
  NBULog: 4003be6706b97a7e376ab4171c666ac7c2fbc2b2
  NNFrameTimer: 11a18d943be1216b707b73e8b388e9cfdf5e7136

COCOAPODS: 0.37.2
